<?xml version="1.0" encoding="utf-8"?>
<Project ToolsVersion="4.0" xmlns="http://schemas.microsoft.com/developer/msbuild/2003">
  <ItemGroup>
    <Filter Include="Source Files">
      <UniqueIdentifier>{4FC737F1-C7A5-4376-A066-2A32D752A2FF}</UniqueIdentifier>
      <Extensions>qml;cpp;c;cc;cxx;def;odl;idl;hpj;bat;asm;asmx</Extensions>
    </Filter>
    <Filter Include="Resource Files">
      <UniqueIdentifier>{67DA6AB6-F800-4c08-8B7A-83BB121AAD01}</UniqueIdentifier>
      <Extensions>qrc;rc;ico;cur;bmp;dlg;rc2;rct;bin;rgs;gif;jpg;jpeg;jpe;resx;tiff;tif;png;wav;mfcribbon-ms</Extensions>
    </Filter>
    <Filter Include="Form Files">
      <UniqueIdentifier>{99349809-55BA-4b9d-BF79-8FDBB0286EB3}</UniqueIdentifier>
      <Extensions>ui</Extensions>
    </Filter>
    <Filter Include="PicRes">
      <UniqueIdentifier>{7acf2ace-8510-42a3-ab53-b26515007696}</UniqueIdentifier>
    </Filter>
    <Filter Include="本地设置管理对话框">
      <UniqueIdentifier>{27d60fd3-ca67-4311-bf6e-7e565976d532}</UniqueIdentifier>
    </Filter>
    <Filter Include="Header Files">
      <UniqueIdentifier>{93995380-89BD-4b04-88EB-625FBE52EBFB}</UniqueIdentifier>
      <Extensions>h;hh;hpp;hxx;hm;inl;inc;xsd</Extensions>
    </Filter>
    <Filter Include="通信引擎">
      <UniqueIdentifier>{e1b1dea2-4a56-409f-97c2-72d4abfe6925}</UniqueIdentifier>
    </Filter>
  </ItemGroup>
  <ItemGroup>
    <QtRcc Include="Remote.qrc">
      <Filter>Resource Files</Filter>
    </QtRcc>
    <QtUic Include="Remote.ui">
      <Filter>Form Files</Filter>
    </QtUic>
    <ClCompile Include="Remote.cpp">
      <Filter>Source Files</Filter>
    </ClCompile>
  </ItemGroup>
  <ItemGroup>
    <ClCompile Include="main.cpp">
      <Filter>Source Files</Filter>
    </ClCompile>
    <ClCompile Include="WidgetServerSet.cpp">
      <Filter>本地设置管理对话框</Filter>
    </ClCompile>
    <ClCompile Include="ConfigFile.cpp">
      <Filter>本地设置管理对话框</Filter>
    </ClCompile>
    <ClCompile Include="IOCPServer.cpp">
      <Filter>通信引擎</Filter>
    </ClCompile>
    <ClCompile Include="_CriticalSection.cpp">
      <Filter>通信引擎</Filter>
    </ClCompile>
  </ItemGroup>
  <ItemGroup>
    <QtUic Include="WidgetServerSet.ui">
      <Filter>Form Files</Filter>
    </QtUic>
  </ItemGroup>
  <ItemGroup>
    <Image Include="PicRes\ToolBar_0.ico">
      <Filter>PicRes</Filter>
    </Image>
    <Image Include="PicRes\ToolBar_1.ico">
      <Filter>PicRes</Filter>
    </Image>
    <Image Include="PicRes\Remote.ico">
      <Filter>PicRes</Filter>
    </Image>
    <Image Include="PicRes\ToolBar_2.ico">
      <Filter>PicRes</Filter>
    </Image>
    <Image Include="PicRes\ToolBar_3.ico">
      <Filter>PicRes</Filter>
    </Image>
    <Image Include="PicRes\ToolBar_4.ico">
      <Filter>PicRes</Filter>
    </Image>
    <Image Include="PicRes\ToolBar_5.ico">
      <Filter>PicRes</Filter>
    </Image>
    <Image Include="PicRes\ToolBar_6.ico">
      <Filter>PicRes</Filter>
    </Image>
    <Image Include="PicRes\ToolBar_7.ico">
      <Filter>PicRes</Filter>
    </Image>
    <Image Include="PicRes\ToolBar_8.ico">
      <Filter>PicRes</Filter>
    </Image>
    <Image Include="PicRes\ToolBar_9.ico">
      <Filter>PicRes</Filter>
    </Image>
    <Image Include="PicRes\ToolBar_10.ico">
      <Filter>PicRes</Filter>
    </Image>
    <Image Include="PicRes\ToolBar_11.ico">
      <Filter>PicRes</Filter>
    </Image>
    <Image Include="PicRes\ToolBar_12.ico">
      <Filter>PicRes</Filter>
    </Image>
  </ItemGroup>
  <ItemGroup>
    <QtMoc Include="WidgetServerSet.h">
      <Filter>本地设置管理对话框</Filter>
    </QtMoc>
    <QtMoc Include="Remote.h">
      <Filter>Source Files</Filter>
    </QtMoc>
  </ItemGroup>
  <ItemGroup>
    <ClInclude Include="ConfigFile.h">
      <Filter>本地设置管理对话框</Filter>
    </ClInclude>
    <ClInclude Include="IOCPServer.h">
      <Filter>通信引擎</Filter>
    </ClInclude>
    <ClInclude Include="_CriticalSection.h">
      <Filter>通信引擎</Filter>
    </ClInclude>
  </ItemGroup>
</Project>